
Microsoft Visual Studio Solution File, Format Version 12.00
# Visual Studio 15
VisualStudioVersion = 15.0.26430.13
MinimumVisualStudioVersion = 10.0.40219.1
Project("{FAE04EC0-301F-11D3-BF4B-00C04F79EFBC}") = "ExamPrep-11th-July-2017", "ExamPrep-11th-July-2017\ExamPrep-11th-July-2017.csproj", "{48435555-8D30-4593-9798-7AFB68A1EF82}"
EndProject
Project("{FAE04EC0-301F-11D3-BF4B-00C04F79EFBC}") = "ExamPrep-12th-July-2017-Avatar", "ExamPrep-12th-July-2017-Avatar\ExamPrep-12th-July-2017-Avatar.csproj", "{17DEFBBE-0CF8-4184-9F7F-220E877576B0}"
EndProject
Project("{FAE04EC0-301F-11D3-BF4B-00C04F79EFBC}") = "Exam-16th-July-2017", "Exam-16th-July-2017\Exam-16th-July-2017.csproj", "{D9DD7BB8-52FD-48FB-B561-71C342990909}"
EndProject
Global
	GlobalSection(SolutionConfigurationPlatforms) = preSolution
		Debug|Any CPU = Debug|Any CPU
		Release|Any CPU = Release|Any CPU
	EndGlobalSection
	GlobalSection(ProjectConfigurationPlatforms) = postSolution
		{48435555-8D30-4593-9798-7AFB68A1EF82}.Debug|Any CPU.ActiveCfg = Debug|Any CPU
		{48435555-8D30-4593-9798-7AFB68A1EF82}.Debug|Any CPU.Build.0 = Debug|Any CPU
		{48435555-8D30-4593-9798-7AFB68A1EF82}.Release|Any CPU.ActiveCfg = Release|Any CPU
		{48435555-8D30-4593-9798-7AFB68A1EF82}.Release|Any CPU.Build.0 = Release|Any CPU
		{17DEFBBE-0CF8-4184-9F7F-220E877576B0}.Debug|Any CPU.ActiveCfg = Debug|Any CPU
		{17DEFBBE-0CF8-4184-9F7F-220E877576B0}.Debug|Any CPU.Build.0 = Debug|Any CPU
		{17DEFBBE-0CF8-4184-9F7F-220E877576B0}.Release|Any CPU.ActiveCfg = Release|Any CPU
		{17DEFBBE-0CF8-4184-9F7F-220E877576B0}.Release|Any CPU.Build.0 = Release|Any CPU
		{D9DD7BB8-52FD-48FB-B561-71C342990909}.Debug|Any CPU.ActiveCfg = Debug|Any CPU
		{D9DD7BB8-52FD-48FB-B561-71C342990909}.Debug|Any CPU.Build.0 = Debug|Any CPU
		{D9DD7BB8-52FD-48FB-B561-71C342990909}.Release|Any CPU.ActiveCfg = Release|Any CPU
		{D9DD7BB8-52FD-48FB-B561-71C342990909}.Release|Any CPU.Build.0 = Release|Any CPU
	EndGlobalSection
	GlobalSection(SolutionProperties) = preSolution
		HideSolutionNode = FALSE
	EndGlobalSection
EndGlobal
